
Microsoft Visual Studio Solution File, Format Version 12.00
# Visual Studio Version 16
VisualStudioVersion = 16.0.31205.134
MinimumVisualStudioVersion = 10.0.40219.1
Project("{FAE04EC0-301F-11D3-BF4B-00C04F79EFBC}") = "SingletoneNaive", "SingletoneNaive\SingletoneNaive.csproj", "{57FA528E-6CBE-4C53-AAEB-86016A272EEE}"
EndProject
Project("{FAE04EC0-301F-11D3-BF4B-00C04F79EFBC}") = "SingletonMultithread", "SingletonMultithread\SingletonMultithread.csproj", "{CA7BCA43-DA3C-4841-AFE2-220B2FF7E988}"
EndProject
Project("{FAE04EC0-301F-11D3-BF4B-00C04F79EFBC}") = "Bridge", "Bridge\Bridge.csproj", "{FC68A9A7-EF5A-4038-9A40-BDBD321C76C6}"
EndProject
Global
	GlobalSection(SolutionConfigurationPlatforms) = preSolution
		Debug|Any CPU = Debug|Any CPU
		Release|Any CPU = Release|Any CPU
	EndGlobalSection
	GlobalSection(ProjectConfigurationPlatforms) = postSolution
		{57FA528E-6CBE-4C53-AAEB-86016A272EEE}.Debug|Any CPU.ActiveCfg = Debug|Any CPU
		{57FA528E-6CBE-4C53-AAEB-86016A272EEE}.Debug|Any CPU.Build.0 = Debug|Any CPU
		{57FA528E-6CBE-4C53-AAEB-86016A272EEE}.Release|Any CPU.ActiveCfg = Release|Any CPU
		{57FA528E-6CBE-4C53-AAEB-86016A272EEE}.Release|Any CPU.Build.0 = Release|Any CPU
		{CA7BCA43-DA3C-4841-AFE2-220B2FF7E988}.Debug|Any CPU.ActiveCfg = Debug|Any CPU
		{CA7BCA43-DA3C-4841-AFE2-220B2FF7E988}.Debug|Any CPU.Build.0 = Debug|Any CPU
		{CA7BCA43-DA3C-4841-AFE2-220B2FF7E988}.Release|Any CPU.ActiveCfg = Release|Any CPU
		{CA7BCA43-DA3C-4841-AFE2-220B2FF7E988}.Release|Any CPU.Build.0 = Release|Any CPU
		{FC68A9A7-EF5A-4038-9A40-BDBD321C76C6}.Debug|Any CPU.ActiveCfg = Debug|Any CPU
		{FC68A9A7-EF5A-4038-9A40-BDBD321C76C6}.Debug|Any CPU.Build.0 = Debug|Any CPU
		{FC68A9A7-EF5A-4038-9A40-BDBD321C76C6}.Release|Any CPU.ActiveCfg = Release|Any CPU
		{FC68A9A7-EF5A-4038-9A40-BDBD321C76C6}.Release|Any CPU.Build.0 = Release|Any CPU
	EndGlobalSection
	GlobalSection(SolutionProperties) = preSolution
		HideSolutionNode = FALSE
	EndGlobalSection
	GlobalSection(ExtensibilityGlobals) = postSolution
		SolutionGuid = {DEDA4B16-9585-4F91-B46A-67E5E88C9C92}
	EndGlobalSection
EndGlobal
